// !$*UTF8*$!
{
	archiveVersion = 1;
	classes = {
	};
	objectVersion = 46;
	objects = {

/* Begin PBXBuildFile section */
		65DAB4481DF07EEB000784DF /* AppDelegate.swift in Sources */ = {isa = PBXBuildFile; fileRef = 65DAB4471DF07EEB000784DF /* AppDelegate.swift */; };
		65DAB44A1DF07EEB000784DF /* ViewController.swift in Sources */ = {isa = PBXBuildFile; fileRef = 65DAB4491DF07EEB000784DF /* ViewController.swift */; };
		65DAB44F1DF07EEB000784DF /* Assets.xcassets in Resources */ = {isa = PBXBuildFile; fileRef = 65DAB44E1DF07EEB000784DF /* Assets.xcassets */; };
		65DAB4521DF07EEB000784DF /* LaunchScreen.storyboard in Resources */ = {isa = PBXBuildFile; fileRef = 65DAB4501DF07EEB000784DF /* LaunchScreen.storyboard */; };
		65E2425E1DF07FF200D5BEE3 /* heaplib.c in Sources */ = {isa = PBXBuildFile; fileRef = 65E2425B1DF07FF200D5BEE3 /* heaplib.c */; };
		65E341691DF28C870045890F /* Main.storyboard in Resources */ = {isa = PBXBuildFile; fileRef = 65E341681DF28C870045890F /* Main.storyboard */; };
		65E3416B1DF28EF60045890F /* VisualizerViewController.swift in Sources */ = {isa = PBXBuildFile; fileRef = 65E3416A1DF28EF60045890F /* VisualizerViewController.swift */; };
		65E3416D1DF28F5C0045890F /* BlockCell.swift in Sources */ = {isa = PBXBuildFile; fileRef = 65E3416C1DF28F5C0045890F /* BlockCell.swift */; };
		65E3416F1DF28FAA0045890F /* Block.swift in Sources */ = {isa = PBXBuildFile; fileRef = 65E3416E1DF28FAA0045890F /* Block.swift */; };
/* End PBXBuildFile section */

/* Begin PBXFileReference section */
		65DAB4441DF07EEB000784DF /* MallocVisualizer.app */ = {isa = PBXFileReference; explicitFileType = wrapper.application; includeInIndex = 0; path = MallocVisualizer.app; sourceTree = BUILT_PRODUCTS_DIR; };
		65DAB4471DF07EEB000784DF /* AppDelegate.swift */ = {isa = PBXFileReference; lastKnownFileType = sourcecode.swift; path = AppDelegate.swift; sourceTree = "<group>"; };
		65DAB4491DF07EEB000784DF /* ViewController.swift */ = {isa = PBXFileReference; lastKnownFileType = sourcecode.swift; path = ViewController.swift; sourceTree = "<group>"; };
		65DAB44E1DF07EEB000784DF /* Assets.xcassets */ = {isa = PBXFileReference; lastKnownFileType = folder.assetcatalog; path = Assets.xcassets; sourceTree = "<group>"; };
		65DAB4511DF07EEB000784DF /* Base */ = {isa = PBXFileReference; lastKnownFileType = file.storyboard; name = Base; path = Base.lproj/LaunchScreen.storyboard; sourceTree = "<group>"; };
		65DAB4531DF07EEB000784DF /* Info.plist */ = {isa = PBXFileReference; lastKnownFileType = text.plist.xml; path = Info.plist; sourceTree = "<group>"; };
		65E2425A1DF07FF200D5BEE3 /* MallocVisualizer-Bridging-Header.h */ = {isa = PBXFileReference; lastKnownFileType = sourcecode.c.h; path = "MallocVisualizer-Bridging-Header.h"; sourceTree = "<group>"; };
		65E2425B1DF07FF200D5BEE3 /* heaplib.c */ = {isa = PBXFileReference; fileEncoding = 4; lastKnownFileType = sourcecode.c.c; path = heaplib.c; sourceTree = "<group>"; };
		65E341681DF28C870045890F /* Main.storyboard */ = {isa = PBXFileReference; fileEncoding = 4; lastKnownFileType = file.storyboard; path = Main.storyboard; sourceTree = "<group>"; };
		65E3416A1DF28EF60045890F /* VisualizerViewController.swift */ = {isa = PBXFileReference; fileEncoding = 4; lastKnownFileType = sourcecode.swift; path = VisualizerViewController.swift; sourceTree = "<group>"; };
		65E3416C1DF28F5C0045890F /* BlockCell.swift */ = {isa = PBXFileReference; fileEncoding = 4; lastKnownFileType = sourcecode.swift; path = BlockCell.swift; sourceTree = "<group>"; };
		65E3416E1DF28FAA0045890F /* Block.swift */ = {isa = PBXFileReference; fileEncoding = 4; lastKnownFileType = sourcecode.swift; path = Block.swift; sourceTree = "<group>"; };
/* End PBXFileReference section */

/* Begin PBXFrameworksBuildPhase section */
		65DAB4411DF07EEB000784DF /* Frameworks */ = {
			isa = PBXFrameworksBuildPhase;
			buildActionMask = 2147483647;
			files = (
			);
			runOnlyForDeploymentPostprocessing = 0;
		};
/* End PBXFrameworksBuildPhase section */

/* Begin PBXGroup section */
		65DAB43B1DF07EEB000784DF = {
			isa = PBXGroup;
			children = (
				65DAB4461DF07EEB000784DF /* MallocVisualizer */,
				65DAB4451DF07EEB000784DF /* Products */,
			);
			sourceTree = "<group>";
		};
		65DAB4451DF07EEB000784DF /* Products */ = {
			isa = PBXGroup;
			children = (
				65DAB4441DF07EEB000784DF /* MallocVisualizer.app */,
			);
			name = Products;
			sourceTree = "<group>";
		};
		65DAB4461DF07EEB000784DF /* MallocVisualizer */ = {
			isa = PBXGroup;
			children = (
				65DAB4471DF07EEB000784DF /* AppDelegate.swift */,
				65E341681DF28C870045890F /* Main.storyboard */,
				65DAB4491DF07EEB000784DF /* ViewController.swift */,
				65E3416E1DF28FAA0045890F /* Block.swift */,
				65E3416C1DF28F5C0045890F /* BlockCell.swift */,
				65E3416A1DF28EF60045890F /* VisualizerViewController.swift */,
				65E242611DF0822A00D5BEE3 /* Application */,
				65E242601DF0821400D5BEE3 /* malloc */,
			);
			path = MallocVisualizer;
			sourceTree = "<group>";
		};
		65E242601DF0821400D5BEE3 /* malloc */ = {
			isa = PBXGroup;
			children = (
				65E2425B1DF07FF200D5BEE3 /* heaplib.c */,
				65E2425A1DF07FF200D5BEE3 /* MallocVisualizer-Bridging-Header.h */,
			);
			name = malloc;
			sourceTree = "<group>";
		};
		65E242611DF0822A00D5BEE3 /* Application */ = {
			isa = PBXGroup;
			children = (
				65DAB44E1DF07EEB000784DF /* Assets.xcassets */,
				65DAB4501DF07EEB000784DF /* LaunchScreen.storyboard */,
				65DAB4531DF07EEB000784DF /* Info.plist */,
			);
			name = Application;
			sourceTree = "<group>";
		};
/* End PBXGroup section */

/* Begin PBXNativeTarget section */
		65DAB4431DF07EEB000784DF /* MallocVisualizer */ = {
			isa = PBXNativeTarget;
			buildConfigurationList = 65DAB4561DF07EEB000784DF /* Build configuration list for PBXNativeTarget "MallocVisualizer" */;
			buildPhases = (
				65DAB4401DF07EEB000784DF /* Sources */,
				65DAB4411DF07EEB000784DF /* Frameworks */,
				65DAB4421DF07EEB000784DF /* Resources */,
			);
			buildRules = (
			);
			dependencies = (
			);
			name = MallocVisualizer;
			productName = MallocVisualizer;
			productReference = 65DAB4441DF07EEB000784DF /* MallocVisualizer.app */;
			productType = "com.apple.product-type.application";
		};
/* End PBXNativeTarget section */

/* Begin PBXProject section */
		65DAB43C1DF07EEB000784DF /* Project object */ = {
			isa = PBXProject;
			attributes = {
				LastSwiftUpdateCheck = 0810;
				LastUpgradeCheck = 0810;
				ORGANIZATIONNAME = dantheli;
				TargetAttributes = {
					65DAB4431DF07EEB000784DF = {
						CreatedOnToolsVersion = 8.1;
						DevelopmentTeam = RNCTC44528;
						LastSwiftMigration = 0810;
						ProvisioningStyle = Automatic;
					};
				};
			};
			buildConfigurationList = 65DAB43F1DF07EEB000784DF /* Build configuration list for PBXProject "MallocVisualizer" */;
			compatibilityVersion = "Xcode 3.2";
			developmentRegion = English;
			hasScannedForEncodings = 0;
			knownRegions = (
				en,
				Base,
			);
			mainGroup = 65DAB43B1DF07EEB000784DF;
			productRefGroup = 65DAB4451DF07EEB000784DF /* Products */;
			projectDirPath = "";
			projectRoot = "";
			targets = (
				65DAB4431DF07EEB000784DF /* MallocVisualizer */,
			);
		};
/* End PBXProject section */

/* Begin PBXResourcesBuildPhase section */
		65DAB4421DF07EEB000784DF /* Resources */ = {
			isa = PBXResourcesBuildPhase;
			buildActionMask = 2147483647;
			files = (
				65E341691DF28C870045890F /* Main.storyboard in Resources */,
				65DAB4521DF07EEB000784DF /* LaunchScreen.storyboard in Resources */,
				65DAB44F1DF07EEB000784DF /* Assets.xcassets in Resources */,
			);
			runOnlyForDeploymentPostprocessing = 0;
		};
/* End PBXResourcesBuildPhase section */

/* Begin PBXSourcesBuildPhase section */
		65DAB4401DF07EEB000784DF /* Sources */ = {
			isa = PBXSourcesBuildPhase;
			buildActionMask = 2147483647;
			files = (
				65E3416F1DF28FAA0045890F /* Block.swift in Sources */,
				65DAB44A1DF07EEB000784DF /* ViewController.swift in Sources */,
				65E3416B1DF28EF60045890F /* VisualizerViewController.swift in Sources */,
				65E2425E1DF07FF200D5BEE3 /* heaplib.c in Sources */,
				65DAB4481DF07EEB000784DF /* AppDelegate.swift in Sources */,
				65E3416D1DF28F5C0045890F /* BlockCell.swift in Sources */,
			);
			runOnlyForDeploymentPostprocessing = 0;
		};
/* End PBXSourcesBuildPhase section */

/* Begin PBXVariantGroup section */
		65DAB4501DF07EEB000784DF /* LaunchScreen.storyboard */ = {
			isa = PBXVariantGroup;
			children = (
				65DAB4511DF07EEB000784DF /* Base */,
			);
			name = LaunchScreen.storyboard;
			sourceTree = "<group>";
		};
/* End PBXVariantGroup section */

/* Begin XCBuildConfiguration section */
		65DAB4541DF07EEB000784DF /* Debug */ = {
			isa = XCBuildConfiguration;
			buildSettings = {
				ALWAYS_SEARCH_USER_PATHS = NO;
				CLANG_ANALYZER_NONNULL = YES;
				CLANG_CXX_LANGUAGE_STANDARD = "gnu++0x";
				CLANG_CXX_LIBRARY = "libc++";
				CLANG_ENABLE_MODULES = YES;
				CLANG_ENABLE_OBJC_ARC = YES;
				CLANG_WARN_BOOL_CONVERSION = YES;
				CLANG_WARN_CONSTANT_CONVERSION = YES;
				CLANG_WARN_DIRECT_OBJC_ISA_USAGE = YES_ERROR;
				CLANG_WARN_DOCUMENTATION_COMMENTS = YES;
				CLANG_WARN_EMPTY_BODY = YES;
				CLANG_WARN_ENUM_CONVERSION = YES;
				CLANG_WARN_INFINITE_RECURSION = YES;
				CLANG_WARN_INT_CONVERSION = YES;
				CLANG_WARN_OBJC_ROOT_CLASS = YES_ERROR;
				CLANG_WARN_SUSPICIOUS_MOVES = YES;
				CLANG_WARN_UNREACHABLE_CODE = YES;
				CLANG_WARN__DUPLICATE_METHOD_MATCH = YES;
				"CODE_SIGN_IDENTITY[sdk=iphoneos*]" = "iPhone Developer";
				COPY_PHASE_STRIP = NO;
				DEBUG_INFORMATION_FORMAT = dwarf;
				ENABLE_STRICT_OBJC_MSGSEND = YES;
				ENABLE_TESTABILITY = YES;
				GCC_C_LANGUAGE_STANDARD = gnu99;
				GCC_DYNAMIC_NO_PIC = NO;
				GCC_NO_COMMON_BLOCKS = YES;
				GCC_OPTIMIZATION_LEVEL = 0;
				GCC_PREPROCESSOR_DEFINITIONS = (
					"DEBUG=1",
					"$(inherited)",
				);
				GCC_WARN_64_TO_32_BIT_CONVERSION = YES;
				GCC_WARN_ABOUT_RETURN_TYPE = YES_ERROR;
				GCC_WARN_UNDECLARED_SELECTOR = YES;
				GCC_WARN_UNINITIALIZED_AUTOS = YES_AGGRESSIVE;
				GCC_WARN_UNUSED_FUNCTION = YES;
				GCC_WARN_UNUSED_VARIABLE = YES;
				IPHONEOS_DEPLOYMENT_TARGET = 10.1;
				MTL_ENABLE_DEBUG_INFO = YES;
				ONLY_ACTIVE_ARCH = YES;
				SDKROOT = iphoneos;
				SWIFT_ACTIVE_COMPILATION_CONDITIONS = DEBUG;
				SWIFT_OPTIMIZATION_LEVEL = "-Onone";
			};
			name = Debug;
		};
		65DAB4551DF07EEB000784DF /* Release */ = {
			isa = XCBuildConfiguration;
			buildSettings = {
				ALWAYS_SEARCH_USER_PATHS = NO;
				CLANG_ANALYZER_NONNULL = YES;
				CLANG_CXX_LANGUAGE_STANDARD = "gnu++0x";
				CLANG_CXX_LIBRARY = "libc++";
				CLANG_ENABLE_MODULES = YES;
				CLANG_ENABLE_OBJC_ARC = YES;
				CLANG_WARN_BOOL_CONVERSION = YES;
				CLANG_WARN_CONSTANT_CONVERSION = YES;
				CLANG_WARN_DIRECT_OBJC_ISA_USAGE = YES_ERROR;
				CLANG_WARN_DOCUMENTATION_COMMENTS = YES;
				CLANG_WARN_EMPTY_BODY = YES;
				CLANG_WARN_ENUM_CONVERSION = YES;
				CLANG_WARN_INFINITE_RECURSION = YES;
				CLANG_WARN_INT_CONVERSION = YES;
				CLANG_WARN_OBJC_ROOT_CLASS = YES_ERROR;
				CLANG_WARN_SUSPICIOUS_MOVES = YES;
				CLANG_WARN_UNREACHABLE_CODE = YES;
				CLANG_WARN__DUPLICATE_METHOD_MATCH = YES;
				"CODE_SIGN_IDENTITY[sdk=iphoneos*]" = "iPhone Developer";
				COPY_PHASE_STRIP = NO;
				DEBUG_INFORMATION_FORMAT = "dwarf-with-dsym";
				ENABLE_NS_ASSERTIONS = NO;
				ENABLE_STRICT_OBJC_MSGSEND = YES;
				GCC_C_LANGUAGE_STANDARD = gnu99;
				GCC_NO_COMMON_BLOCKS = YES;
				GCC_WARN_64_TO_32_BIT_CONVERSION = YES;
				GCC_WARN_ABOUT_RETURN_TYPE = YES_ERROR;
				GCC_WARN_UNDECLARED_SELECTOR = YES;
				GCC_WARN_UNINITIALIZED_AUTOS = YES_AGGRESSIVE;
				GCC_WARN_UNUSED_FUNCTION = YES;
				GCC_WARN_UNUSED_VARIABLE = YES;
				IPHONEOS_DEPLOYMENT_TARGET = 10.1;
				MTL_ENABLE_DEBUG_INFO = NO;
				SDKROOT = iphoneos;
				SWIFT_OPTIMIZATION_LEVEL = "-Owholemodule";
				VALIDATE_PRODUCT = YES;
			};
			name = Release;
		};
		65DAB4571DF07EEB000784DF /* Debug */ = {
			isa = XCBuildConfiguration;
			buildSettings = {
				ASSETCATALOG_COMPILER_APPICON_NAME = AppIcon;
				CLANG_ENABLE_MODULES = YES;
				DEVELOPMENT_TEAM = RNCTC44528;
				INFOPLIST_FILE = MallocVisualizer/Info.plist;
				IPHONEOS_DEPLOYMENT_TARGET = 9.0;
				LD_RUNPATH_SEARCH_PATHS = "$(inherited) @executable_path/Frameworks";
				PRODUCT_BUNDLE_IDENTIFIER = com.dantheli.MallocVisualizer;
				PRODUCT_NAME = "$(TARGET_NAME)";
				SWIFT_OBJC_BRIDGING_HEADER = "MallocVisualizer/MallocVisualizer-Bridging-Header.h";
				SWIFT_OPTIMIZATION_LEVEL = "-Onone";
				SWIFT_VERSION = 3.0;
				TARGETED_DEVICE_FAMILY = "1,2";
			};
			name = Debug;
		};
		65DAB4581DF07EEB000784DF /* Release */ = {
			isa = XCBuildConfiguration;
			buildSettings = {
				ASSETCATALOG_COMPILER_APPICON_NAME = AppIcon;
				CLANG_ENABLE_MODULES = YES;
				DEVELOPMENT_TEAM = RNCTC44528;
				INFOPLIST_FILE = MallocVisualizer/Info.plist;
				IPHONEOS_DEPLOYMENT_TARGET = 9.0;
				LD_RUNPATH_SEARCH_PATHS = "$(inherited) @executable_path/Frameworks";
				PRODUCT_BUNDLE_IDENTIFIER = com.dantheli.MallocVisualizer;
				PRODUCT_NAME = "$(TARGET_NAME)";
				SWIFT_OBJC_BRIDGING_HEADER = "MallocVisualizer/MallocVisualizer-Bridging-Header.h";
				SWIFT_VERSION = 3.0;
				TARGETED_DEVICE_FAMILY = "1,2";
			};
			name = Release;
		};
/* End XCBuildConfiguration section */

/* Begin XCConfigurationList section */
		65DAB43F1DF07EEB000784DF /* Build configuration list for PBXProject "MallocVisualizer" */ = {
			isa = XCConfigurationList;
			buildConfigurations = (
				65DAB4541DF07EEB000784DF /* Debug */,
				65DAB4551DF07EEB000784DF /* Release */,
			);
			defaultConfigurationIsVisible = 0;
			defaultConfigurationName = Release;
		};
		65DAB4561DF07EEB000784DF /* Build configuration list for PBXNativeTarget "MallocVisualizer" */ = {
			isa = XCConfigurationList;
			buildConfigurations = (
				65DAB4571DF07EEB000784DF /* Debug */,
				65DAB4581DF07EEB000784DF /* Release */,
			);
			defaultConfigurationIsVisible = 0;
			defaultConfigurationName = Release;
		};
/* End XCConfigurationList section */
	};
	rootObject = 65DAB43C1DF07EEB000784DF /* Project object */;
}
